
Microsoft Visual Studio Solution File, Format Version 12.00
# TcXaeShell Solution File, Format Version 11.00
VisualStudioVersion = 15.0.33403.129
MinimumVisualStudioVersion = 10.0.40219.1
Project("{FE7A1B72-C5B7-4D7C-BB7D-76384D4DE8E1}") = "tchmi-top-menu", "tchmi-top-menu\tchmi-top-menu.hmiproj", "{7A3B82E6-6AE5-4248-92E4-0221D8120E08}"
EndProject
Global
	GlobalSection(SolutionConfigurationPlatforms) = preSolution
		Debug|TwinCAT HMI = Debug|TwinCAT HMI
		Release|TwinCAT HMI = Release|TwinCAT HMI
	EndGlobalSection
	GlobalSection(ProjectConfigurationPlatforms) = postSolution
		{7A3B82E6-6AE5-4248-92E4-0221D8120E08}.Debug|TwinCAT HMI.ActiveCfg = Debug|TwinCAT HMI
		{7A3B82E6-6AE5-4248-92E4-0221D8120E08}.Debug|TwinCAT HMI.Build.0 = Debug|TwinCAT HMI
		{7A3B82E6-6AE5-4248-92E4-0221D8120E08}.Release|TwinCAT HMI.ActiveCfg = Release|TwinCAT HMI
		{7A3B82E6-6AE5-4248-92E4-0221D8120E08}.Release|TwinCAT HMI.Build.0 = Release|TwinCAT HMI
	EndGlobalSection
	GlobalSection(SolutionProperties) = preSolution
		HideSolutionNode = FALSE
	EndGlobalSection
	GlobalSection(ExtensibilityGlobals) = postSolution
		SolutionGuid = {D3504CE0-D0B9-47F5-80EB-4F16DB41757A}
	EndGlobalSection
EndGlobal
